Microsoft Visual Studio Solution File, Format Version 12.00
# Visual Studio Version 17
VisualStudioVersion = 17.5.33516.290
MinimumVisualStudioVersion = 10.0.40219.1
Project("{9A19103F-16F7-4668-BE54-9A1E7A4F7556}") = "MasterSorter", "MasterSorter\MasterSorter.csproj", "{8BA2E1B7-DD65-42B6-A780-17E4037A3C1B}"
EndProject
Project("{9A19103F-16F7-4668-BE54-9A1E7A4F7556}") = "MasterSorterTests", "MasterSorterTests\MasterSorterTests.csproj", "{DDC2A59F-FF5F-4071-A81D-CC4E535C3879}"
EndProject
Global
	GlobalSection(SolutionConfigurationPlatforms) = preSolution
		Debug|Any CPU = Debug|Any CPU
		Debug|x64 = Debug|x64
		Release|Any CPU = Release|Any CPU
		Release|x64 = Release|x64
	EndGlobalSection
	GlobalSection(ProjectConfigurationPlatforms) = postSolution
		{8BA2E1B7-DD65-42B6-A780-17E4037A3C1B}.Debug|Any CPU.ActiveCfg = Debug|Any CPU
		{8BA2E1B7-DD65-42B6-A780-17E4037A3C1B}.Debug|Any CPU.Build.0 = Debug|Any CPU
		{8BA2E1B7-DD65-42B6-A780-17E4037A3C1B}.Debug|x64.ActiveCfg = Debug|Any CPU
		{8BA2E1B7-DD65-42B6-A780-17E4037A3C1B}.Debug|x64.Build.0 = Debug|Any CPU
		{8BA2E1B7-DD65-42B6-A780-17E4037A3C1B}.Release|Any CPU.ActiveCfg = Release|Any CPU
		{8BA2E1B7-DD65-42B6-A780-17E4037A3C1B}.Release|Any CPU.Build.0 = Release|Any CPU
		{8BA2E1B7-DD65-42B6-A780-17E4037A3C1B}.Release|x64.ActiveCfg = Release|Any CPU
		{8BA2E1B7-DD65-42B6-A780-17E4037A3C1B}.Release|x64.Build.0 = Release|Any CPU
		{DDC2A59F-FF5F-4071-A81D-CC4E535C3879}.Debug|Any CPU.ActiveCfg = Debug|Any CPU
		{DDC2A59F-FF5F-4071-A81D-CC4E535C3879}.Debug|Any CPU.Build.0 = Debug|Any CPU
		{DDC2A59F-FF5F-4071-A81D-CC4E535C3879}.Debug|x64.ActiveCfg = Debug|x64
		{DDC2A59F-FF5F-4071-A81D-CC4E535C3879}.Debug|x64.Build.0 = Debug|x64
		{DDC2A59F-FF5F-4071-A81D-CC4E535C3879}.Release|Any CPU.ActiveCfg = Release|Any CPU
		{DDC2A59F-FF5F-4071-A81D-CC4E535C3879}.Release|Any CPU.Build.0 = Release|Any CPU
		{DDC2A59F-FF5F-4071-A81D-CC4E535C3879}.Release|x64.ActiveCfg = Release|x64
		{DDC2A59F-FF5F-4071-A81D-CC4E535C3879}.Release|x64.Build.0 = Release|x64
	EndGlobalSection
	GlobalSection(SolutionProperties) = preSolution
		HideSolutionNode = FALSE
	EndGlobalSection
	GlobalSection(ExtensibilityGlobals) = postSolution
		SolutionGuid = {27C885CF-5803-461C-8B9F-A213A41AFCAD}
	EndGlobalSection
EndGlobal
